<Solution>
  <Folder Name="/Solution Items/">
    <File Path=".gitignore" />
    <File Path="AGENT-README.txt" />
    <File Path="CBV-FORMAT.txt" />
    <File Path="EXTRAS-README.txt" />
    <File Path="global.json" />
    <File Path="icon-codebrix-128.png" />
    <File Path="LICENSE" />
    <File Path="MAINTAINER-README.txt" />
    <File Path="README-INDEX.txt" />
    <File Path="README.md" />
    <File Path="THIRD-PARTY-NOTICES.txt" />
  </Folder>
  <Folder Name="/Tests/">
    <Project Path="tests/CodeBrix.VideoPlayback.Tests/CodeBrix.VideoPlayback.Tests.csproj" />
    <Project Path="tests/CodeBrix.VideoPlayback.Skia.Tests/CodeBrix.VideoPlayback.Skia.Tests.csproj" />
    <Project Path="tests/CodeBrix.VideoPlayback.Authoring.Tests/CodeBrix.VideoPlayback.Authoring.Tests.csproj" />
  </Folder>
  <Folder Name="/Samples/">
    <Project Path="samples/CodeBrix.VideoPlayback.ConsumerShape/CodeBrix.VideoPlayback.ConsumerShape.csproj" />
  </Folder>
  <Folder Name="/Tools/">
    <Project Path="tools/CodeBrix.VideoPlayback.AssetAuthoring/CodeBrix.VideoPlayback.AssetAuthoring.csproj" />
    <Project Path="tools/CodeBrix.VideoPlayback.Tools/CodeBrix.VideoPlayback.Tools.csproj" />
  </Folder>
  <Project Path="src/CodeBrix.VideoPlayback/CodeBrix.VideoPlayback.csproj" />
  <Project Path="src/CodeBrix.VideoPlayback.Skia/CodeBrix.VideoPlayback.Skia.csproj" />
  <Project Path="src/CodeBrix.VideoPlayback.Authoring/CodeBrix.VideoPlayback.Authoring.csproj" />
</Solution>
